// !$*UTF8*$!
{
	archiveVersion = 1;
	classes = {
	};
	objectVersion = 50;
	objects = {

/* Begin PBXBuildFile section */
		640016D126DB45B100B8BEC6 /* AppDelegate.swift in Sources */ = {isa = PBXBuildFile; fileRef = 640016D026DB45B100B8BEC6 /* AppDelegate.swift */; };
		640016D326DB45B100B8BEC6 /* SceneDelegate.swift in Sources */ = {isa = PBXBuildFile; fileRef = 640016D226DB45B100B8BEC6 /* SceneDelegate.swift */; };
		640016D526DB45B100B8BEC6 /* MainViewController.swift in Sources */ = {isa = PBXBuildFile; fileRef = 640016D426DB45B100B8BEC6 /* MainViewController.swift */; };
		6463D97526DDFC77008D6B91 /* ProfileViewController.swift in Sources */ = {isa = PBXBuildFile; fileRef = 6463D97426DDFC77008D6B91 /* ProfileViewController.swift */; };
		647B8426271CA6FF0095B774 /* StoryModelNVL2And3.swift in Sources */ = {isa = PBXBuildFile; fileRef = 647B8425271CA6FF0095B774 /* StoryModelNVL2And3.swift */; };
		64866BF2271A3E550000E0E0 /* PauseViewController.swift in Sources */ = {isa = PBXBuildFile; fileRef = 64866BF1271A3E550000E0E0 /* PauseViewController.swift */; };
		64866BF4271A420D0000E0E0 /* Assets.xcassets in Resources */ = {isa = PBXBuildFile; fileRef = 640016D926DB45B400B8BEC6 /* Assets.xcassets */; };
		6487D6A0270C1A65006569F0 /* silka-light-webfont.ttf in Resources */ = {isa = PBXBuildFile; fileRef = 64C06B8B270ADD6B00BEBE7A /* silka-light-webfont.ttf */; };
		6487D6A1270C1A67006569F0 /* silka-bold-webfont.ttf in Resources */ = {isa = PBXBuildFile; fileRef = 648B8F6E270C167200183127 /* silka-bold-webfont.ttf */; };
		6487D6A2270C1A6F006569F0 /* LaunchScreen.storyboard in Resources */ = {isa = PBXBuildFile; fileRef = 640016DB26DB45B400B8BEC6 /* LaunchScreen.storyboard */; };
		648B62D0271165FE00F6DD3E /* Main.storyboard in Resources */ = {isa = PBXBuildFile; fileRef = 648B62CF271165FE00F6DD3E /* Main.storyboard */; };
		6493C7E22718F37800B138D6 /* silka-medium-webfont.ttf in Resources */ = {isa = PBXBuildFile; fileRef = 6493C7E12718F37800B138D6 /* silka-medium-webfont.ttf */; };
		64AA948D271A878D00A19510 /* ShapesNVL1ViewController.swift in Sources */ = {isa = PBXBuildFile; fileRef = 64AA948C271A878D00A19510 /* ShapesNVL1ViewController.swift */; };
		64AA948F271A895200A19510 /* ShapesNVL2ViewController.swift in Sources */ = {isa = PBXBuildFile; fileRef = 64AA948E271A895200A19510 /* ShapesNVL2ViewController.swift */; };
		64AA9491271A8C0B00A19510 /* ShapesNVL3ViewController.swift in Sources */ = {isa = PBXBuildFile; fileRef = 64AA9490271A8C0B00A19510 /* ShapesNVL3ViewController.swift */; };
		64AA9493271A8D0B00A19510 /* StoryViewController.swift in Sources */ = {isa = PBXBuildFile; fileRef = 64AA9492271A8D0B00A19510 /* StoryViewController.swift */; };
		64AA9497271A915400A19510 /* RainbowNVL2ViewController.swift in Sources */ = {isa = PBXBuildFile; fileRef = 64AA9496271A915400A19510 /* RainbowNVL2ViewController.swift */; };
		64AA9499271A938500A19510 /* RainbowNVL1ViewController.swift in Sources */ = {isa = PBXBuildFile; fileRef = 64AA9498271A938500A19510 /* RainbowNVL1ViewController.swift */; };
		64AA949B271A93E700A19510 /* GameOverViewController.swift in Sources */ = {isa = PBXBuildFile; fileRef = 64AA949A271A93E700A19510 /* GameOverViewController.swift */; };
		64AA94A4271AAEC700A19510 /* StoryModelNVL1.swift in Sources */ = {isa = PBXBuildFile; fileRef = 64AA94A3271AAEC700A19510 /* StoryModelNVL1.swift */; };
		64C10B7C271BF5F300195A28 /* StoryQuestionViewController.swift in Sources */ = {isa = PBXBuildFile; fileRef = 64C10B7B271BF5F300195A28 /* StoryQuestionViewController.swift */; };
		64C11B8627198AAC0064399B /* SignupViewController.swift in Sources */ = {isa = PBXBuildFile; fileRef = 64C11B8527198AAC0064399B /* SignupViewController.swift */; };
		64FB72C4270D5F8900875BB1 /* HomePagesController.swift in Sources */ = {isa = PBXBuildFile; fileRef = 64FB72C3270D5F8900875BB1 /* HomePagesController.swift */; };
		64FB72C6270D6BCB00875BB1 /* HomeViewController.swift in Sources */ = {isa = PBXBuildFile; fileRef = 64FB72C5270D6BCB00875BB1 /* HomeViewController.swift */; };
		64FC976F270CFAAB009ED40A /* DifficultyViewController.swift in Sources */ = {isa = PBXBuildFile; fileRef = 64FC976E270CFAAB009ED40A /* DifficultyViewController.swift */; };
/* End PBXBuildFile section */

/* Begin PBXFileReference section */
		640016CD26DB45B100B8BEC6 /* ADAM.app */ = {isa = PBXFileReference; explicitFileType = wrapper.application; includeInIndex = 0; path = ADAM.app; sourceTree = BUILT_PRODUCTS_DIR; };
		640016D026DB45B100B8BEC6 /* AppDelegate.swift */ = {isa = PBXFileReference; lastKnownFileType = sourcecode.swift; path = AppDelegate.swift; sourceTree = "<group>"; };
		640016D226DB45B100B8BEC6 /* SceneDelegate.swift */ = {isa = PBXFileReference; lastKnownFileType = sourcecode.swift; path = SceneDelegate.swift; sourceTree = "<group>"; };
		640016D426DB45B100B8BEC6 /* MainViewController.swift */ = {isa = PBXFileReference; lastKnownFileType = sourcecode.swift; path = MainViewController.swift; sourceTree = "<group>"; };
		640016D926DB45B400B8BEC6 /* Assets.xcassets */ = {isa = PBXFileReference; lastKnownFileType = folder.assetcatalog; path = Assets.xcassets; sourceTree = "<group>"; };
		640016DC26DB45B400B8BEC6 /* Base */ = {isa = PBXFileReference; lastKnownFileType = file.storyboard; name = Base; path = Base.lproj/LaunchScreen.storyboard; sourceTree = "<group>"; };
		640016DE26DB45B400B8BEC6 /* Info.plist */ = {isa = PBXFileReference; lastKnownFileType = text.plist.xml; path = Info.plist; sourceTree = "<group>"; };
		6463D97426DDFC77008D6B91 /* ProfileViewController.swift */ = {isa = PBXFileReference; lastKnownFileType = sourcecode.swift; path = ProfileViewController.swift; sourceTree = "<group>"; };
		647B8425271CA6FF0095B774 /* StoryModelNVL2And3.swift */ = {isa = PBXFileReference; lastKnownFileType = sourcecode.swift; path = StoryModelNVL2And3.swift; sourceTree = "<group>"; };
		64866BF1271A3E550000E0E0 /* PauseViewController.swift */ = {isa = PBXFileReference; lastKnownFileType = sourcecode.swift; path = PauseViewController.swift; sourceTree = "<group>"; };
		648B62CF271165FE00F6DD3E /* Main.storyboard */ = {isa = PBXFileReference; fileEncoding = 4; lastKnownFileType = file.storyboard; path = Main.storyboard; sourceTree = "<group>"; };
		648B8F6E270C167200183127 /* silka-bold-webfont.ttf */ = {isa = PBXFileReference; lastKnownFileType = file; path = "silka-bold-webfont.ttf"; sourceTree = "<group>"; };
		6493C7E12718F37800B138D6 /* silka-medium-webfont.ttf */ = {isa = PBXFileReference; lastKnownFileType = file; path = "silka-medium-webfont.ttf"; sourceTree = "<group>"; };
		64AA948C271A878D00A19510 /* ShapesNVL1ViewController.swift */ = {isa = PBXFileReference; lastKnownFileType = sourcecode.swift; path = ShapesNVL1ViewController.swift; sourceTree = "<group>"; };
		64AA948E271A895200A19510 /* ShapesNVL2ViewController.swift */ = {isa = PBXFileReference; lastKnownFileType = sourcecode.swift; path = ShapesNVL2ViewController.swift; sourceTree = "<group>"; };
		64AA9490271A8C0B00A19510 /* ShapesNVL3ViewController.swift */ = {isa = PBXFileReference; lastKnownFileType = sourcecode.swift; path = ShapesNVL3ViewController.swift; sourceTree = "<group>"; };
		64AA9492271A8D0B00A19510 /* StoryViewController.swift */ = {isa = PBXFileReference; lastKnownFileType = sourcecode.swift; path = StoryViewController.swift; sourceTree = "<group>"; };
		64AA9496271A915400A19510 /* RainbowNVL2ViewController.swift */ = {isa = PBXFileReference; lastKnownFileType = sourcecode.swift; path = RainbowNVL2ViewController.swift; sourceTree = "<group>"; };
		64AA9498271A938500A19510 /* RainbowNVL1ViewController.swift */ = {isa = PBXFileReference; lastKnownFileType = sourcecode.swift; path = RainbowNVL1ViewController.swift; sourceTree = "<group>"; };
		64AA949A271A93E700A19510 /* GameOverViewController.swift */ = {isa = PBXFileReference; lastKnownFileType = sourcecode.swift; path = GameOverViewController.swift; sourceTree = "<group>"; };
		64AA94A3271AAEC700A19510 /* StoryModelNVL1.swift */ = {isa = PBXFileReference; lastKnownFileType = sourcecode.swift; path = StoryModelNVL1.swift; sourceTree = "<group>"; };
		64C06B8B270ADD6B00BEBE7A /* silka-light-webfont.ttf */ = {isa = PBXFileReference; lastKnownFileType = file; path = "silka-light-webfont.ttf"; sourceTree = "<group>"; };
		64C10B7B271BF5F300195A28 /* StoryQuestionViewController.swift */ = {isa = PBXFileReference; lastKnownFileType = sourcecode.swift; path = StoryQuestionViewController.swift; sourceTree = "<group>"; };
		64C11B8527198AAC0064399B /* SignupViewController.swift */ = {isa = PBXFileReference; lastKnownFileType = sourcecode.swift; path = SignupViewController.swift; sourceTree = "<group>"; };
		64FB72C3270D5F8900875BB1 /* HomePagesController.swift */ = {isa = PBXFileReference; lastKnownFileType = sourcecode.swift; path = HomePagesController.swift; sourceTree = "<group>"; };
		64FB72C5270D6BCB00875BB1 /* HomeViewController.swift */ = {isa = PBXFileReference; lastKnownFileType = sourcecode.swift; path = HomeViewController.swift; sourceTree = "<group>"; };
		64FC976E270CFAAB009ED40A /* DifficultyViewController.swift */ = {isa = PBXFileReference; lastKnownFileType = sourcecode.swift; path = DifficultyViewController.swift; sourceTree = "<group>"; };
/* End PBXFileReference section */

/* Begin PBXFrameworksBuildPhase section */
		640016CA26DB45B100B8BEC6 /* Frameworks */ = {
			isa = PBXFrameworksBuildPhase;
			buildActionMask = 2147483647;
			files = (
			);
			runOnlyForDeploymentPostprocessing = 0;
		};
/* End PBXFrameworksBuildPhase section */

/* Begin PBXGroup section */
		640016C426DB45B100B8BEC6 = {
			isa = PBXGroup;
			children = (
				640016CF26DB45B100B8BEC6 /* ADAM */,
				640016CE26DB45B100B8BEC6 /* Products */,
			);
			sourceTree = "<group>";
		};
		640016CE26DB45B100B8BEC6 /* Products */ = {
			isa = PBXGroup;
			children = (
				640016CD26DB45B100B8BEC6 /* ADAM.app */,
			);
			name = Products;
			sourceTree = "<group>";
		};
		640016CF26DB45B100B8BEC6 /* ADAM */ = {
			isa = PBXGroup;
			children = (
				6463D97626DE01B8008D6B91 /* ViewControllers */,
				64AA949C271AA24900A19510 /* Models */,
				64AA949D271AA26700A19510 /* Containers */,
				64AAF0C326DDEF890036CBC2 /* Storyboards */,
				640016D026DB45B100B8BEC6 /* AppDelegate.swift */,
				640016D226DB45B100B8BEC6 /* SceneDelegate.swift */,
				640016D926DB45B400B8BEC6 /* Assets.xcassets */,
				640016DB26DB45B400B8BEC6 /* LaunchScreen.storyboard */,
				640016DE26DB45B400B8BEC6 /* Info.plist */,
				640016E426DB479700B8BEC6 /* fonts */,
			);
			path = ADAM;
			sourceTree = "<group>";
		};
		640016E426DB479700B8BEC6 /* fonts */ = {
			isa = PBXGroup;
			children = (
				648B8F6E270C167200183127 /* silka-bold-webfont.ttf */,
				64C06B8B270ADD6B00BEBE7A /* silka-light-webfont.ttf */,
				6493C7E12718F37800B138D6 /* silka-medium-webfont.ttf */,
			);
			path = fonts;
			sourceTree = "<group>";
		};
		6463D97626DE01B8008D6B91 /* ViewControllers */ = {
			isa = PBXGroup;
			children = (
				64C10B7F271C010B00195A28 /* StoryGame */,
				6463D97426DDFC77008D6B91 /* ProfileViewController.swift */,
				640016D426DB45B100B8BEC6 /* MainViewController.swift */,
				64FC976E270CFAAB009ED40A /* DifficultyViewController.swift */,
				64FB72C5270D6BCB00875BB1 /* HomeViewController.swift */,
				64C11B8527198AAC0064399B /* SignupViewController.swift */,
				64866BF1271A3E550000E0E0 /* PauseViewController.swift */,
				64AA948C271A878D00A19510 /* ShapesNVL1ViewController.swift */,
				64AA948E271A895200A19510 /* ShapesNVL2ViewController.swift */,
				64AA9490271A8C0B00A19510 /* ShapesNVL3ViewController.swift */,
				64AA9496271A915400A19510 /* RainbowNVL2ViewController.swift */,
				64AA9498271A938500A19510 /* RainbowNVL1ViewController.swift */,
				64AA949A271A93E700A19510 /* GameOverViewController.swift */,
			);
			path = ViewControllers;
			sourceTree = "<group>";
		};
		64AA949C271AA24900A19510 /* Models */ = {
			isa = PBXGroup;
			children = (
				64AA94A3271AAEC700A19510 /* StoryModelNVL1.swift */,
				647B8425271CA6FF0095B774 /* StoryModelNVL2And3.swift */,
			);
			path = Models;
			sourceTree = "<group>";
		};
		64AA949D271AA26700A19510 /* Containers */ = {
			isa = PBXGroup;
			children = (
				64FB72C3270D5F8900875BB1 /* HomePagesController.swift */,
			);
			path = Containers;
			sourceTree = "<group>";
		};
		64AAF0C326DDEF890036CBC2 /* Storyboards */ = {
			isa = PBXGroup;
			children = (
				648B62CF271165FE00F6DD3E /* Main.storyboard */,
			);
			path = Storyboards;
			sourceTree = "<group>";
		};
		64C10B7F271C010B00195A28 /* StoryGame */ = {
			isa = PBXGroup;
			children = (
				64AA9492271A8D0B00A19510 /* StoryViewController.swift */,
				64C10B7B271BF5F300195A28 /* StoryQuestionViewController.swift */,
			);
			path = StoryGame;
			sourceTree = "<group>";
		};
/* End PBXGroup section */

/* Begin PBXNativeTarget section */
		640016CC26DB45B100B8BEC6 /* ADAM */ = {
			isa = PBXNativeTarget;
			buildConfigurationList = 640016E126DB45B400B8BEC6 /* Build configuration list for PBXNativeTarget "ADAM" */;
			buildPhases = (
				640016C926DB45B100B8BEC6 /* Sources */,
				640016CA26DB45B100B8BEC6 /* Frameworks */,
				640016CB26DB45B100B8BEC6 /* Resources */,
			);
			buildRules = (
			);
			dependencies = (
			);
			name = ADAM;
			productName = ADAM;
			productReference = 640016CD26DB45B100B8BEC6 /* ADAM.app */;
			productType = "com.apple.product-type.application";
		};
/* End PBXNativeTarget section */

/* Begin PBXProject section */
		640016C526DB45B100B8BEC6 /* Project object */ = {
			isa = PBXProject;
			attributes = {
				LastSwiftUpdateCheck = 1250;
				LastUpgradeCheck = 1250;
				TargetAttributes = {
					640016CC26DB45B100B8BEC6 = {
						CreatedOnToolsVersion = 12.5.1;
					};
				};
			};
			buildConfigurationList = 640016C826DB45B100B8BEC6 /* Build configuration list for PBXProject "ADAM" */;
			compatibilityVersion = "Xcode 9.3";
			developmentRegion = en;
			hasScannedForEncodings = 0;
			knownRegions = (
				en,
				Base,
			);
			mainGroup = 640016C426DB45B100B8BEC6;
			productRefGroup = 640016CE26DB45B100B8BEC6 /* Products */;
			projectDirPath = "";
			projectRoot = "";
			targets = (
				640016CC26DB45B100B8BEC6 /* ADAM */,
			);
		};
/* End PBXProject section */

/* Begin PBXResourcesBuildPhase section */
		640016CB26DB45B100B8BEC6 /* Resources */ = {
			isa = PBXResourcesBuildPhase;
			buildActionMask = 2147483647;
			files = (
				6487D6A1270C1A67006569F0 /* silka-bold-webfont.ttf in Resources */,
				648B62D0271165FE00F6DD3E /* Main.storyboard in Resources */,
				6493C7E22718F37800B138D6 /* silka-medium-webfont.ttf in Resources */,
				6487D6A2270C1A6F006569F0 /* LaunchScreen.storyboard in Resources */,
				64866BF4271A420D0000E0E0 /* Assets.xcassets in Resources */,
				6487D6A0270C1A65006569F0 /* silka-light-webfont.ttf in Resources */,
			);
			runOnlyForDeploymentPostprocessing = 0;
		};
/* End PBXResourcesBuildPhase section */

/* Begin PBXSourcesBuildPhase section */
		640016C926DB45B100B8BEC6 /* Sources */ = {
			isa = PBXSourcesBuildPhase;
			buildActionMask = 2147483647;
			files = (
				64C10B7C271BF5F300195A28 /* StoryQuestionViewController.swift in Sources */,
				6463D97526DDFC77008D6B91 /* ProfileViewController.swift in Sources */,
				64AA9499271A938500A19510 /* RainbowNVL1ViewController.swift in Sources */,
				64AA9497271A915400A19510 /* RainbowNVL2ViewController.swift in Sources */,
				640016D526DB45B100B8BEC6 /* MainViewController.swift in Sources */,
				64C11B8627198AAC0064399B /* SignupViewController.swift in Sources */,
				64AA9491271A8C0B00A19510 /* ShapesNVL3ViewController.swift in Sources */,
				64866BF2271A3E550000E0E0 /* PauseViewController.swift in Sources */,
				64AA948F271A895200A19510 /* ShapesNVL2ViewController.swift in Sources */,
				640016D126DB45B100B8BEC6 /* AppDelegate.swift in Sources */,
				64AA94A4271AAEC700A19510 /* StoryModelNVL1.swift in Sources */,
				647B8426271CA6FF0095B774 /* StoryModelNVL2And3.swift in Sources */,
				64AA9493271A8D0B00A19510 /* StoryViewController.swift in Sources */,
				64FB72C4270D5F8900875BB1 /* HomePagesController.swift in Sources */,
				64FC976F270CFAAB009ED40A /* DifficultyViewController.swift in Sources */,
				64AA949B271A93E700A19510 /* GameOverViewController.swift in Sources */,
				64AA948D271A878D00A19510 /* ShapesNVL1ViewController.swift in Sources */,
				64FB72C6270D6BCB00875BB1 /* HomeViewController.swift in Sources */,
				640016D326DB45B100B8BEC6 /* SceneDelegate.swift in Sources */,
			);
			runOnlyForDeploymentPostprocessing = 0;
		};
/* End PBXSourcesBuildPhase section */

/* Begin PBXVariantGroup section */
		640016DB26DB45B400B8BEC6 /* LaunchScreen.storyboard */ = {
			isa = PBXVariantGroup;
			children = (
				640016DC26DB45B400B8BEC6 /* Base */,
			);
			name = LaunchScreen.storyboard;
			sourceTree = "<group>";
		};
/* End PBXVariantGroup section */

/* Begin XCBuildConfiguration section */
		640016DF26DB45B400B8BEC6 /* Debug */ = {
			isa = XCBuildConfiguration;
			buildSettings = {
				ALWAYS_SEARCH_USER_PATHS = NO;
				CLANG_ANALYZER_NONNULL = YES;
				CLANG_ANALYZER_NUMBER_OBJECT_CONVERSION = YES_AGGRESSIVE;
				CLANG_CXX_LANGUAGE_STANDARD = "gnu++14";
				CLANG_CXX_LIBRARY = "libc++";
				CLANG_ENABLE_MODULES = YES;
				CLANG_ENABLE_OBJC_ARC = YES;
				CLANG_ENABLE_OBJC_WEAK = YES;
				CLANG_WARN_BLOCK_CAPTURE_AUTORELEASING = YES;
				CLANG_WARN_BOOL_CONVERSION = YES;
				CLANG_WARN_COMMA = YES;
				CLANG_WARN_CONSTANT_CONVERSION = YES;
				CLANG_WARN_DEPRECATED_OBJC_IMPLEMENTATIONS = YES;
				CLANG_WARN_DIRECT_OBJC_ISA_USAGE = YES_ERROR;
				CLANG_WARN_DOCUMENTATION_COMMENTS = YES;
				CLANG_WARN_EMPTY_BODY = YES;
				CLANG_WARN_ENUM_CONVERSION = YES;
				CLANG_WARN_INFINITE_RECURSION = YES;
				CLANG_WARN_INT_CONVERSION = YES;
				CLANG_WARN_NON_LITERAL_NULL_CONVERSION = YES;
				CLANG_WARN_OBJC_IMPLICIT_RETAIN_SELF = YES;
				CLANG_WARN_OBJC_LITERAL_CONVERSION = YES;
				CLANG_WARN_OBJC_ROOT_CLASS = YES_ERROR;
				CLANG_WARN_QUOTED_INCLUDE_IN_FRAMEWORK_HEADER = YES;
				CLANG_WARN_RANGE_LOOP_ANALYSIS = YES;
				CLANG_WARN_STRICT_PROTOTYPES = YES;
				CLANG_WARN_SUSPICIOUS_MOVE = YES;
				CLANG_WARN_UNGUARDED_AVAILABILITY = YES_AGGRESSIVE;
				CLANG_WARN_UNREACHABLE_CODE = YES;
				CLANG_WARN__DUPLICATE_METHOD_MATCH = YES;
				COPY_PHASE_STRIP = NO;
				DEBUG_INFORMATION_FORMAT = dwarf;
				ENABLE_STRICT_OBJC_MSGSEND = YES;
				ENABLE_TESTABILITY = YES;
				GCC_C_LANGUAGE_STANDARD = gnu11;
				GCC_DYNAMIC_NO_PIC = NO;
				GCC_NO_COMMON_BLOCKS = YES;
				GCC_OPTIMIZATION_LEVEL = 0;
				GCC_PREPROCESSOR_DEFINITIONS = (
					"DEBUG=1",
					"$(inherited)",
				);
				GCC_WARN_64_TO_32_BIT_CONVERSION = YES;
				GCC_WARN_ABOUT_RETURN_TYPE = YES_ERROR;
				GCC_WARN_UNDECLARED_SELECTOR = YES;
				GCC_WARN_UNINITIALIZED_AUTOS = YES_AGGRESSIVE;
				GCC_WARN_UNUSED_FUNCTION = YES;
				GCC_WARN_UNUSED_VARIABLE = YES;
				IPHONEOS_DEPLOYMENT_TARGET = 14.5;
				MTL_ENABLE_DEBUG_INFO = INCLUDE_SOURCE;
				MTL_FAST_MATH = YES;
				ONLY_ACTIVE_ARCH = YES;
				SDKROOT = iphoneos;
				SWIFT_ACTIVE_COMPILATION_CONDITIONS = DEBUG;
				SWIFT_OPTIMIZATION_LEVEL = "-Onone";
			};
			name = Debug;
		};
		640016E026DB45B400B8BEC6 /* Release */ = {
			isa = XCBuildConfiguration;
			buildSettings = {
				ALWAYS_SEARCH_USER_PATHS = NO;
				CLANG_ANALYZER_NONNULL = YES;
				CLANG_ANALYZER_NUMBER_OBJECT_CONVERSION = YES_AGGRESSIVE;
				CLANG_CXX_LANGUAGE_STANDARD = "gnu++14";
				CLANG_CXX_LIBRARY = "libc++";
				CLANG_ENABLE_MODULES = YES;
				CLANG_ENABLE_OBJC_ARC = YES;
				CLANG_ENABLE_OBJC_WEAK = YES;
				CLANG_WARN_BLOCK_CAPTURE_AUTORELEASING = YES;
				CLANG_WARN_BOOL_CONVERSION = YES;
				CLANG_WARN_COMMA = YES;
				CLANG_WARN_CONSTANT_CONVERSION = YES;
				CLANG_WARN_DEPRECATED_OBJC_IMPLEMENTATIONS = YES;
				CLANG_WARN_DIRECT_OBJC_ISA_USAGE = YES_ERROR;
				CLANG_WARN_DOCUMENTATION_COMMENTS = YES;
				CLANG_WARN_EMPTY_BODY = YES;
				CLANG_WARN_ENUM_CONVERSION = YES;
				CLANG_WARN_INFINITE_RECURSION = YES;
				CLANG_WARN_INT_CONVERSION = YES;
				CLANG_WARN_NON_LITERAL_NULL_CONVERSION = YES;
				CLANG_WARN_OBJC_IMPLICIT_RETAIN_SELF = YES;
				CLANG_WARN_OBJC_LITERAL_CONVERSION = YES;
				CLANG_WARN_OBJC_ROOT_CLASS = YES_ERROR;
				CLANG_WARN_QUOTED_INCLUDE_IN_FRAMEWORK_HEADER = YES;
				CLANG_WARN_RANGE_LOOP_ANALYSIS = YES;
				CLANG_WARN_STRICT_PROTOTYPES = YES;
				CLANG_WARN_SUSPICIOUS_MOVE = YES;
				CLANG_WARN_UNGUARDED_AVAILABILITY = YES_AGGRESSIVE;
				CLANG_WARN_UNREACHABLE_CODE = YES;
				CLANG_WARN__DUPLICATE_METHOD_MATCH = YES;
				COPY_PHASE_STRIP = NO;
				DEBUG_INFORMATION_FORMAT = "dwarf-with-dsym";
				ENABLE_NS_ASSERTIONS = NO;
				ENABLE_STRICT_OBJC_MSGSEND = YES;
				GCC_C_LANGUAGE_STANDARD = gnu11;
				GCC_NO_COMMON_BLOCKS = YES;
				GCC_WARN_64_TO_32_BIT_CONVERSION = YES;
				GCC_WARN_ABOUT_RETURN_TYPE = YES_ERROR;
				GCC_WARN_UNDECLARED_SELECTOR = YES;
				GCC_WARN_UNINITIALIZED_AUTOS = YES_AGGRESSIVE;
				GCC_WARN_UNUSED_FUNCTION = YES;
				GCC_WARN_UNUSED_VARIABLE = YES;
				IPHONEOS_DEPLOYMENT_TARGET = 14.5;
				MTL_ENABLE_DEBUG_INFO = NO;
				MTL_FAST_MATH = YES;
				SDKROOT = iphoneos;
				SWIFT_COMPILATION_MODE = wholemodule;
				SWIFT_OPTIMIZATION_LEVEL = "-O";
				VALIDATE_PRODUCT = YES;
			};
			name = Release;
		};
		640016E226DB45B400B8BEC6 /* Debug */ = {
			isa = XCBuildConfiguration;
			buildSettings = {
				ASSETCATALOG_COMPILER_APPICON_NAME = "AppIcon-1";
				ASSETCATALOG_COMPILER_GLOBAL_ACCENT_COLOR_NAME = AccentColor;
				ASSETCATALOG_COMPILER_INCLUDE_ALL_APPICON_ASSETS = YES;
				CODE_SIGN_STYLE = Automatic;
				DEVELOPMENT_TEAM = G2UH455NP2;
				INFOPLIST_FILE = ADAM/Info.plist;
				LD_RUNPATH_SEARCH_PATHS = (
					"$(inherited)",
					"@executable_path/Frameworks",
				);
				PRODUCT_BUNDLE_IDENTIFIER = mx.tec.A01730344.ADAM;
				PRODUCT_NAME = "$(TARGET_NAME)";
				SWIFT_VERSION = 5.0;
				TARGETED_DEVICE_FAMILY = 1;
			};
			name = Debug;
		};
		640016E326DB45B400B8BEC6 /* Release */ = {
			isa = XCBuildConfiguration;
			buildSettings = {
				ASSETCATALOG_COMPILER_APPICON_NAME = "AppIcon-1";
				ASSETCATALOG_COMPILER_GLOBAL_ACCENT_COLOR_NAME = AccentColor;
				ASSETCATALOG_COMPILER_INCLUDE_ALL_APPICON_ASSETS = YES;
				CODE_SIGN_STYLE = Automatic;
				DEVELOPMENT_TEAM = G2UH455NP2;
				INFOPLIST_FILE = ADAM/Info.plist;
				LD_RUNPATH_SEARCH_PATHS = (
					"$(inherited)",
					"@executable_path/Frameworks",
				);
				PRODUCT_BUNDLE_IDENTIFIER = mx.tec.A01730344.ADAM;
				PRODUCT_NAME = "$(TARGET_NAME)";
				SWIFT_VERSION = 5.0;
				TARGETED_DEVICE_FAMILY = 1;
			};
			name = Release;
		};
/* End XCBuildConfiguration section */

/* Begin XCConfigurationList section */
		640016C826DB45B100B8BEC6 /* Build configuration list for PBXProject "ADAM" */ = {
			isa = XCConfigurationList;
			buildConfigurations = (
				640016DF26DB45B400B8BEC6 /* Debug */,
				640016E026DB45B400B8BEC6 /* Release */,
			);
			defaultConfigurationIsVisible = 0;
			defaultConfigurationName = Release;
		};
		640016E126DB45B400B8BEC6 /* Build configuration list for PBXNativeTarget "ADAM" */ = {
			isa = XCConfigurationList;
			buildConfigurations = (
				640016E226DB45B400B8BEC6 /* Debug */,
				640016E326DB45B400B8BEC6 /* Release */,
			);
			defaultConfigurationIsVisible = 0;
			defaultConfigurationName = Release;
		};
/* End XCConfigurationList section */
	};
	rootObject = 640016C526DB45B100B8BEC6 /* Project object */;
}
